
Microsoft Visual Studio Solution File, Format Version 12.00
# Visual Studio 15
VisualStudioVersion = 15.0.27703.2026
MinimumVisualStudioVersion = 10.0.40219.1
Project("{FAE04EC0-301F-11D3-BF4B-00C04F79EFBC}") = "DiscordEmbedBuilder", "DiscordEmbedBuilder\DiscordEmbedBuilder.csproj", "{07E66298-71C7-4A9F-896B-9BA0865BFE98}"
EndProject
Global
	GlobalSection(SolutionConfigurationPlatforms) = preSolution
		Debug|Any CPU = Debug|Any CPU
		Debug|x64 = Debug|x64
		Debug|x86 = Debug|x86
		Release|Any CPU = Release|Any CPU
		Release|x64 = Release|x64
		Release|x86 = Release|x86
	EndGlobalSection
	GlobalSection(ProjectConfigurationPlatforms) = postSolution
		{07E66298-71C7-4A9F-896B-9BA0865BFE98}.Debug|Any CPU.ActiveCfg = Debug|Any CPU
		{07E66298-71C7-4A9F-896B-9BA0865BFE98}.Debug|Any CPU.Build.0 = Debug|Any CPU
		{07E66298-71C7-4A9F-896B-9BA0865BFE98}.Debug|x64.ActiveCfg = Debug|x64
		{07E66298-71C7-4A9F-896B-9BA0865BFE98}.Debug|x64.Build.0 = Debug|x64
		{07E66298-71C7-4A9F-896B-9BA0865BFE98}.Debug|x86.ActiveCfg = Debug|x86
		{07E66298-71C7-4A9F-896B-9BA0865BFE98}.Debug|x86.Build.0 = Debug|x86
		{07E66298-71C7-4A9F-896B-9BA0865BFE98}.Release|Any CPU.ActiveCfg = Release|Any CPU
		{07E66298-71C7-4A9F-896B-9BA0865BFE98}.Release|Any CPU.Build.0 = Release|Any CPU
		{07E66298-71C7-4A9F-896B-9BA0865BFE98}.Release|x64.ActiveCfg = Release|x64
		{07E66298-71C7-4A9F-896B-9BA0865BFE98}.Release|x64.Build.0 = Release|x64
		{07E66298-71C7-4A9F-896B-9BA0865BFE98}.Release|x86.ActiveCfg = Release|x86
		{07E66298-71C7-4A9F-896B-9BA0865BFE98}.Release|x86.Build.0 = Release|x86
	EndGlobalSection
	GlobalSection(SolutionProperties) = preSolution
		HideSolutionNode = FALSE
	EndGlobalSection
	GlobalSection(ExtensibilityGlobals) = postSolution
		SolutionGuid = {D1581F77-E115-4371-B2E5-6818BD8CC17C}
	EndGlobalSection
EndGlobal
